
Microsoft Visual Studio Solution File, Format Version 12.00
# Visual Studio Version 16
VisualStudioVersion = 16.0.31829.152
MinimumVisualStudioVersion = 10.0.40219.1
Project("{9A19103F-16F7-4668-BE54-9A1E7A4F7556}") = "AmazoomWebServer", "AmazoomWebServer\AmazoomWebServer.csproj", "{F0566250-4AEC-4DBB-8D9C-D16B7BBEE30E}"
EndProject
Project("{9A19103F-16F7-4668-BE54-9A1E7A4F7556}") = "AmazoomClassLibrary", "AmazoomClassLibrary\AmazoomClassLibrary.csproj", "{093509D0-D0E6-42D8-B744-E1C35CE36DDE}"
EndProject
Project("{9A19103F-16F7-4668-BE54-9A1E7A4F7556}") = "WarehouseComputer", "WarehouseComputer\WarehouseComputer.csproj", "{6A1A2140-B7A5-40C0-B1F4-B013BD5B68B2}"
EndProject
Project("{2150E333-8FDC-42A3-9474-1A3956D46DE8}") = "Solution Items", "Solution Items", "{FB3E568B-C85F-4FFE-AB20-C5C67312D1D1}"
	ProjectSection(SolutionItems) = preProject
		CompletedOrders.json = CompletedOrders.json
		FruitDatabase.json = FruitDatabase.json
	EndProjectSection
EndProject
Global
	GlobalSection(SolutionConfigurationPlatforms) = preSolution
		Debug|Any CPU = Debug|Any CPU
		Release|Any CPU = Release|Any CPU
	EndGlobalSection
	GlobalSection(ProjectConfigurationPlatforms) = postSolution
		{F0566250-4AEC-4DBB-8D9C-D16B7BBEE30E}.Debug|Any CPU.ActiveCfg = Debug|Any CPU
		{F0566250-4AEC-4DBB-8D9C-D16B7BBEE30E}.Debug|Any CPU.Build.0 = Debug|Any CPU
		{F0566250-4AEC-4DBB-8D9C-D16B7BBEE30E}.Release|Any CPU.ActiveCfg = Release|Any CPU
		{F0566250-4AEC-4DBB-8D9C-D16B7BBEE30E}.Release|Any CPU.Build.0 = Release|Any CPU
		{093509D0-D0E6-42D8-B744-E1C35CE36DDE}.Debug|Any CPU.ActiveCfg = Debug|Any CPU
		{093509D0-D0E6-42D8-B744-E1C35CE36DDE}.Debug|Any CPU.Build.0 = Debug|Any CPU
		{093509D0-D0E6-42D8-B744-E1C35CE36DDE}.Release|Any CPU.ActiveCfg = Release|Any CPU
		{093509D0-D0E6-42D8-B744-E1C35CE36DDE}.Release|Any CPU.Build.0 = Release|Any CPU
		{6A1A2140-B7A5-40C0-B1F4-B013BD5B68B2}.Debug|Any CPU.ActiveCfg = Debug|Any CPU
		{6A1A2140-B7A5-40C0-B1F4-B013BD5B68B2}.Debug|Any CPU.Build.0 = Debug|Any CPU
		{6A1A2140-B7A5-40C0-B1F4-B013BD5B68B2}.Release|Any CPU.ActiveCfg = Release|Any CPU
		{6A1A2140-B7A5-40C0-B1F4-B013BD5B68B2}.Release|Any CPU.Build.0 = Release|Any CPU
	EndGlobalSection
	GlobalSection(SolutionProperties) = preSolution
		HideSolutionNode = FALSE
	EndGlobalSection
	GlobalSection(ExtensibilityGlobals) = postSolution
		SolutionGuid = {9563D7A7-C163-42CF-AE4C-5F6C39CA47F3}
	EndGlobalSection
EndGlobal
