
Microsoft Visual Studio Solution File, Format Version 12.00
# Visual Studio Version 16
VisualStudioVersion = 16.0.31019.35
MinimumVisualStudioVersion = 10.0.40219.1
Project("{FAE04EC0-301F-11D3-BF4B-00C04F79EFBC}") = "Amazoom", "Amazoom.csproj", "{9C52C544-5627-4752-8202-8EE016636301}"
EndProject
Global
	GlobalSection(SolutionConfigurationPlatforms) = preSolution
		Debug|Any CPU = Debug|Any CPU
		Release|Any CPU = Release|Any CPU
	EndGlobalSection
	GlobalSection(ProjectConfigurationPlatforms) = postSolution
		{9C52C544-5627-4752-8202-8EE016636301}.Debug|Any CPU.ActiveCfg = Debug|Any CPU
		{9C52C544-5627-4752-8202-8EE016636301}.Debug|Any CPU.Build.0 = Debug|Any CPU
		{9C52C544-5627-4752-8202-8EE016636301}.Release|Any CPU.ActiveCfg = Release|Any CPU
		{9C52C544-5627-4752-8202-8EE016636301}.Release|Any CPU.Build.0 = Release|Any CPU
	EndGlobalSection
	GlobalSection(SolutionProperties) = preSolution
		HideSolutionNode = FALSE
	EndGlobalSection
	GlobalSection(ExtensibilityGlobals) = postSolution
		SolutionGuid = {B2DCAD54-8D3B-4C0F-90E4-04C6E8B93DDE}
	EndGlobalSection
EndGlobal
